
Microsoft Visual Studio Solution File, Format Version 12.00
# Visual Studio Version 17
VisualStudioVersion = 17.0.31903.59
MinimumVisualStudioVersion = 10.0.40219.1
Project("{FAE04EC0-301F-11D3-BF4B-00C04F79EFBC}") = "App.Backend", "App.Backend\App.Backend.csproj", "{47A6B3D0-69DD-44BB-AE12-5984D89164AA}"
EndProject
Project("{FAE04EC0-301F-11D3-BF4B-00C04F79EFBC}") = "App.Backend.Test", "App.Backend.Test\App.Backend.Test.csproj", "{07B5AF49-39A2-492F-9B5F-E6163A4D4A78}"
EndProject
Project("{FAE04EC0-301F-11D3-BF4B-00C04F79EFBC}") = "App.Data", "App.Data\App.Data.csproj", "{E5E256FC-191C-434C-B2D8-8C9C4A454D24}"
EndProject
Project("{FAE04EC0-301F-11D3-BF4B-00C04F79EFBC}") = "App.Data.Migrations", "App.Data.Migrations\App.Data.Migrations.csproj", "{E82D00B4-F258-45DC-9999-D545C3294018}"
EndProject
Project("{FAE04EC0-301F-11D3-BF4B-00C04F79EFBC}") = "App.Test", "App.Test\App.Test.csproj", "{4ABEE1DD-A95E-42C0-B610-4E086D71D62C}"
EndProject
Global
	GlobalSection(SolutionConfigurationPlatforms) = preSolution
		Debug|Any CPU = Debug|Any CPU
		Release|Any CPU = Release|Any CPU
	EndGlobalSection
	GlobalSection(SolutionProperties) = preSolution
		HideSolutionNode = FALSE
	EndGlobalSection
	GlobalSection(ProjectConfigurationPlatforms) = postSolution
		{553DB37B-2495-42C6-BF82-FCF80180A818}.Debug|Any CPU.ActiveCfg = Debug|Any CPU
		{553DB37B-2495-42C6-BF82-FCF80180A818}.Debug|Any CPU.Build.0 = Debug|Any CPU
		{553DB37B-2495-42C6-BF82-FCF80180A818}.Release|Any CPU.ActiveCfg = Release|Any CPU
		{553DB37B-2495-42C6-BF82-FCF80180A818}.Release|Any CPU.Build.0 = Release|Any CPU
		{47A6B3D0-69DD-44BB-AE12-5984D89164AA}.Debug|Any CPU.ActiveCfg = Debug|Any CPU
		{47A6B3D0-69DD-44BB-AE12-5984D89164AA}.Debug|Any CPU.Build.0 = Debug|Any CPU
		{47A6B3D0-69DD-44BB-AE12-5984D89164AA}.Release|Any CPU.ActiveCfg = Release|Any CPU
		{47A6B3D0-69DD-44BB-AE12-5984D89164AA}.Release|Any CPU.Build.0 = Release|Any CPU
		{07B5AF49-39A2-492F-9B5F-E6163A4D4A78}.Debug|Any CPU.ActiveCfg = Debug|Any CPU
		{07B5AF49-39A2-492F-9B5F-E6163A4D4A78}.Debug|Any CPU.Build.0 = Debug|Any CPU
		{07B5AF49-39A2-492F-9B5F-E6163A4D4A78}.Release|Any CPU.ActiveCfg = Release|Any CPU
		{07B5AF49-39A2-492F-9B5F-E6163A4D4A78}.Release|Any CPU.Build.0 = Release|Any CPU
		{E5E256FC-191C-434C-B2D8-8C9C4A454D24}.Debug|Any CPU.ActiveCfg = Debug|Any CPU
		{E5E256FC-191C-434C-B2D8-8C9C4A454D24}.Debug|Any CPU.Build.0 = Debug|Any CPU
		{E5E256FC-191C-434C-B2D8-8C9C4A454D24}.Release|Any CPU.ActiveCfg = Release|Any CPU
		{E5E256FC-191C-434C-B2D8-8C9C4A454D24}.Release|Any CPU.Build.0 = Release|Any CPU
		{E82D00B4-F258-45DC-9999-D545C3294018}.Debug|Any CPU.ActiveCfg = Debug|Any CPU
		{E82D00B4-F258-45DC-9999-D545C3294018}.Debug|Any CPU.Build.0 = Debug|Any CPU
		{E82D00B4-F258-45DC-9999-D545C3294018}.Release|Any CPU.ActiveCfg = Release|Any CPU
		{E82D00B4-F258-45DC-9999-D545C3294018}.Release|Any CPU.Build.0 = Release|Any CPU
		{4ABEE1DD-A95E-42C0-B610-4E086D71D62C}.Debug|Any CPU.ActiveCfg = Debug|Any CPU
		{4ABEE1DD-A95E-42C0-B610-4E086D71D62C}.Debug|Any CPU.Build.0 = Debug|Any CPU
		{4ABEE1DD-A95E-42C0-B610-4E086D71D62C}.Release|Any CPU.ActiveCfg = Release|Any CPU
		{4ABEE1DD-A95E-42C0-B610-4E086D71D62C}.Release|Any CPU.Build.0 = Release|Any CPU
	EndGlobalSection
EndGlobal
